
Microsoft Visual Studio Solution File, Format Version 12.00
# Visual Studio Version 16
VisualStudioVersion = 16.0.33423.256
MinimumVisualStudioVersion = 10.0.40219.1
Project("{FAE04EC0-301F-11D3-BF4B-00C04F79EFBC}") = "OceanNavigation", "OceanNavigation\OceanNavigation.csproj", "{0F5041D5-C310-40E2-9F86-28D49BE81822}"
EndProject
Global
	GlobalSection(SolutionConfigurationPlatforms) = preSolution
		Debug|Any CPU = Debug|Any CPU
		Release|Any CPU = Release|Any CPU
	EndGlobalSection
	GlobalSection(ProjectConfigurationPlatforms) = postSolution
		{0F5041D5-C310-40E2-9F86-28D49BE81822}.Debug|Any CPU.ActiveCfg = Debug|Any CPU
		{0F5041D5-C310-40E2-9F86-28D49BE81822}.Debug|Any CPU.Build.0 = Debug|Any CPU
		{0F5041D5-C310-40E2-9F86-28D49BE81822}.Release|Any CPU.ActiveCfg = Release|Any CPU
		{0F5041D5-C310-40E2-9F86-28D49BE81822}.Release|Any CPU.Build.0 = Release|Any CPU
	EndGlobalSection
	GlobalSection(SolutionProperties) = preSolution
		HideSolutionNode = FALSE
	EndGlobalSection
	GlobalSection(ExtensibilityGlobals) = postSolution
		SolutionGuid = {FC3E8129-8896-41D8-AA3D-0CABE8C92A2F}
	EndGlobalSection
EndGlobal
